
Microsoft Visual Studio Solution File, Format Version 12.00
# Visual Studio Version 17
VisualStudioVersion = 17.8.34322.80
MinimumVisualStudioVersion = 10.0.40219.1
Project("{FAE04EC0-301F-11D3-BF4B-00C04F79EFBC}") = "aoc02", "aoc02.csproj", "{E1FFFB05-B256-4D29-A239-446476C9C707}"
EndProject
Global
	GlobalSection(SolutionConfigurationPlatforms) = preSolution
		Debug|Any CPU = Debug|Any CPU
		Release|Any CPU = Release|Any CPU
	EndGlobalSection
	GlobalSection(ProjectConfigurationPlatforms) = postSolution
		{E1FFFB05-B256-4D29-A239-446476C9C707}.Debug|Any CPU.ActiveCfg = Debug|Any CPU
		{E1FFFB05-B256-4D29-A239-446476C9C707}.Debug|Any CPU.Build.0 = Debug|Any CPU
		{E1FFFB05-B256-4D29-A239-446476C9C707}.Release|Any CPU.ActiveCfg = Release|Any CPU
		{E1FFFB05-B256-4D29-A239-446476C9C707}.Release|Any CPU.Build.0 = Release|Any CPU
	EndGlobalSection
	GlobalSection(SolutionProperties) = preSolution
		HideSolutionNode = FALSE
	EndGlobalSection
	GlobalSection(ExtensibilityGlobals) = postSolution
		SolutionGuid = {9DCB4149-F761-429C-B805-45FD42469BF9}
	EndGlobalSection
EndGlobal
