
Microsoft Visual Studio Solution File, Format Version 12.00
# Visual Studio Version 17
VisualStudioVersion = 17.0.31903.59
MinimumVisualStudioVersion = 10.0.40219.1
Project("{FAE04EC0-301F-11D3-BF4B-00C04F79EFBC}") = "aoc01", "aoc01\aoc01.csproj", "{F1B36A4E-370F-40CC-9A18-B375FE5788F8}"
EndProject
Global
	GlobalSection(SolutionConfigurationPlatforms) = preSolution
		Debug|Any CPU = Debug|Any CPU
		Release|Any CPU = Release|Any CPU
	EndGlobalSection
	GlobalSection(ProjectConfigurationPlatforms) = postSolution
		{F1B36A4E-370F-40CC-9A18-B375FE5788F8}.Debug|Any CPU.ActiveCfg = Debug|Any CPU
		{F1B36A4E-370F-40CC-9A18-B375FE5788F8}.Debug|Any CPU.Build.0 = Debug|Any CPU
		{F1B36A4E-370F-40CC-9A18-B375FE5788F8}.Release|Any CPU.ActiveCfg = Release|Any CPU
		{F1B36A4E-370F-40CC-9A18-B375FE5788F8}.Release|Any CPU.Build.0 = Release|Any CPU
	EndGlobalSection
	GlobalSection(SolutionProperties) = preSolution
		HideSolutionNode = FALSE
	EndGlobalSection
	GlobalSection(ExtensibilityGlobals) = postSolution
		SolutionGuid = {8F64F5B6-B5CB-4A94-8689-F07048CFDA05}
	EndGlobalSection
EndGlobal
